
Microsoft Visual Studio Solution File, Format Version 12.00
# Visual Studio Version 16
VisualStudioVersion = 16.0.29709.97
MinimumVisualStudioVersion = 10.0.40219.1
Project("{FAE04EC0-301F-11D3-BF4B-00C04F79EFBC}") = "TODO_HTTP_API.WebApi", "TODO_HTTP_API.WebApi\TODO_HTTP_API.WebApi.csproj", "{C17D6013-4C50-4C13-931F-2AB578B5B4A3}"
EndProject
Global
	GlobalSection(SolutionConfigurationPlatforms) = preSolution
		Debug|Any CPU = Debug|Any CPU
		Release|Any CPU = Release|Any CPU
	EndGlobalSection
	GlobalSection(ProjectConfigurationPlatforms) = postSolution
		{C17D6013-4C50-4C13-931F-2AB578B5B4A3}.Debug|Any CPU.ActiveCfg = Debug|Any CPU
		{C17D6013-4C50-4C13-931F-2AB578B5B4A3}.Debug|Any CPU.Build.0 = Debug|Any CPU
		{C17D6013-4C50-4C13-931F-2AB578B5B4A3}.Release|Any CPU.ActiveCfg = Release|Any CPU
		{C17D6013-4C50-4C13-931F-2AB578B5B4A3}.Release|Any CPU.Build.0 = Release|Any CPU
	EndGlobalSection
	GlobalSection(SolutionProperties) = preSolution
		HideSolutionNode = FALSE
	EndGlobalSection
	GlobalSection(ExtensibilityGlobals) = postSolution
		SolutionGuid = {31F14A06-B525-47B1-86B8-CFAB53DE8D3D}
	EndGlobalSection
EndGlobal
